
Microsoft Visual Studio Solution File, Format Version 12.00
# Visual Studio Version 17
VisualStudioVersion = 17.8.34330.188
MinimumVisualStudioVersion = 10.0.40219.1
Project("{FAE04EC0-301F-11D3-BF4B-00C04F79EFBC}") = "IBudgetter GUI", "IBudgetter GUI\IBudgetter GUI.csproj", "{A41A6E4A-7ED4-4696-9538-BA5F894AD6DE}"
EndProject
Global
	GlobalSection(SolutionConfigurationPlatforms) = preSolution
		Debug|Any CPU = Debug|Any CPU
		Release|Any CPU = Release|Any CPU
	EndGlobalSection
	GlobalSection(ProjectConfigurationPlatforms) = postSolution
		{A41A6E4A-7ED4-4696-9538-BA5F894AD6DE}.Debug|Any CPU.ActiveCfg = Debug|Any CPU
		{A41A6E4A-7ED4-4696-9538-BA5F894AD6DE}.Debug|Any CPU.Build.0 = Debug|Any CPU
		{A41A6E4A-7ED4-4696-9538-BA5F894AD6DE}.Release|Any CPU.ActiveCfg = Release|Any CPU
		{A41A6E4A-7ED4-4696-9538-BA5F894AD6DE}.Release|Any CPU.Build.0 = Release|Any CPU
	EndGlobalSection
	GlobalSection(SolutionProperties) = preSolution
		HideSolutionNode = FALSE
	EndGlobalSection
	GlobalSection(ExtensibilityGlobals) = postSolution
		SolutionGuid = {34756940-BC5B-4095-9CA4-C5E5EBC83FA5}
	EndGlobalSection
EndGlobal
