
Microsoft Visual Studio Solution File, Format Version 12.00
# Visual Studio Version 17
VisualStudioVersion = 17.8.34330.188
MinimumVisualStudioVersion = 10.0.40219.1
Project("{FAE04EC0-301F-11D3-BF4B-00C04F79EFBC}") = "IBudgetter GUI", "IBudgetter GUI\IBudgetter GUI.csproj", "{771DEA51-F2D7-4D78-8601-2A4CA0218039}"
EndProject
Global
	GlobalSection(SolutionConfigurationPlatforms) = preSolution
		Debug|Any CPU = Debug|Any CPU
		Release|Any CPU = Release|Any CPU
	EndGlobalSection
	GlobalSection(ProjectConfigurationPlatforms) = postSolution
		{771DEA51-F2D7-4D78-8601-2A4CA0218039}.Debug|Any CPU.ActiveCfg = Debug|Any CPU
		{771DEA51-F2D7-4D78-8601-2A4CA0218039}.Debug|Any CPU.Build.0 = Debug|Any CPU
		{771DEA51-F2D7-4D78-8601-2A4CA0218039}.Release|Any CPU.ActiveCfg = Release|Any CPU
		{771DEA51-F2D7-4D78-8601-2A4CA0218039}.Release|Any CPU.Build.0 = Release|Any CPU
	EndGlobalSection
	GlobalSection(SolutionProperties) = preSolution
		HideSolutionNode = FALSE
	EndGlobalSection
	GlobalSection(ExtensibilityGlobals) = postSolution
		SolutionGuid = {D9B15030-2A01-4A57-9EC5-92E40A3F7198}
	EndGlobalSection
EndGlobal
